
Microsoft Visual Studio Solution File, Format Version 12.00
# Visual Studio Version 17
VisualStudioVersion = 17.6.33723.286
MinimumVisualStudioVersion = 10.0.40219.1
Project("{9A19103F-16F7-4668-BE54-9A1E7A4F7556}") = "TicketsExchangeSystem.Web", "TicketsExchangeSystem.Web\TicketsExchangeSystem.Web.csproj", "{A53A57F1-A75D-4631-818E-2AD7D0DC6414}"
EndProject
Project("{9A19103F-16F7-4668-BE54-9A1E7A4F7556}") = "TicketsEchangeSystem.Common", "TicketsEchangeSystem.Common\TicketsEchangeSystem.Common.csproj", "{EB75E634-A692-477A-908A-C0109529AD37}"
EndProject
Project("{2150E333-8FDC-42A3-9474-1A3956D46DE8}") = "Web", "Web", "{22BAE50D-018F-4E60-BA14-70B3C6CEB3DE}"
EndProject
Project("{2150E333-8FDC-42A3-9474-1A3956D46DE8}") = "DataLayer", "DataLayer", "{7D783E97-A16D-4FC5-8DA0-57C35A71AD0E}"
EndProject
Project("{9A19103F-16F7-4668-BE54-9A1E7A4F7556}") = "TicketsExchangeSystem.Data", "TicketsExchangeSystem.Data\TicketsExchangeSystem.Data.csproj", "{3D483AB9-BE3A-4627-97FE-F09BEB5FC0D1}"
EndProject
Project("{9A19103F-16F7-4668-BE54-9A1E7A4F7556}") = "TicketsExchangeSystem.Data.Models", "TicketsExchangeSystem.Data.Models\TicketsExchangeSystem.Data.Models.csproj", "{36F6E7C7-9B55-4C4F-8198-D913BBFB41C5}"
EndProject
Project("{9A19103F-16F7-4668-BE54-9A1E7A4F7556}") = "TicketsExchangeSystem.Web.ViewModels", "TicketsExchangeSystem.Web.ViewModels\TicketsExchangeSystem.Web.ViewModels.csproj", "{3D71F540-6023-47FA-93EF-F2BFA91AFA78}"
EndProject
Project("{2150E333-8FDC-42A3-9474-1A3956D46DE8}") = "Services", "Services", "{1CA978BF-1C86-482F-AAA2-CAFFC01AE572}"
EndProject
Project("{FAE04EC0-301F-11D3-BF4B-00C04F79EFBC}") = "TicketsExchangeSystem.Services.Data", "TicketExchangeSystem.Services.Data\TicketsExchangeSystem.Services.Data.csproj", "{714E63E7-0248-440F-A5C0-9130A42F5DA2}"
EndProject
Global
	GlobalSection(SolutionConfigurationPlatforms) = preSolution
		Debug|Any CPU = Debug|Any CPU
		Release|Any CPU = Release|Any CPU
	EndGlobalSection
	GlobalSection(ProjectConfigurationPlatforms) = postSolution
		{A53A57F1-A75D-4631-818E-2AD7D0DC6414}.Debug|Any CPU.ActiveCfg = Debug|Any CPU
		{A53A57F1-A75D-4631-818E-2AD7D0DC6414}.Debug|Any CPU.Build.0 = Debug|Any CPU
		{A53A57F1-A75D-4631-818E-2AD7D0DC6414}.Release|Any CPU.ActiveCfg = Release|Any CPU
		{A53A57F1-A75D-4631-818E-2AD7D0DC6414}.Release|Any CPU.Build.0 = Release|Any CPU
		{EB75E634-A692-477A-908A-C0109529AD37}.Debug|Any CPU.ActiveCfg = Debug|Any CPU
		{EB75E634-A692-477A-908A-C0109529AD37}.Debug|Any CPU.Build.0 = Debug|Any CPU
		{EB75E634-A692-477A-908A-C0109529AD37}.Release|Any CPU.ActiveCfg = Release|Any CPU
		{EB75E634-A692-477A-908A-C0109529AD37}.Release|Any CPU.Build.0 = Release|Any CPU
		{3D483AB9-BE3A-4627-97FE-F09BEB5FC0D1}.Debug|Any CPU.ActiveCfg = Debug|Any CPU
		{3D483AB9-BE3A-4627-97FE-F09BEB5FC0D1}.Debug|Any CPU.Build.0 = Debug|Any CPU
		{3D483AB9-BE3A-4627-97FE-F09BEB5FC0D1}.Release|Any CPU.ActiveCfg = Release|Any CPU
		{3D483AB9-BE3A-4627-97FE-F09BEB5FC0D1}.Release|Any CPU.Build.0 = Release|Any CPU
		{36F6E7C7-9B55-4C4F-8198-D913BBFB41C5}.Debug|Any CPU.ActiveCfg = Debug|Any CPU
		{36F6E7C7-9B55-4C4F-8198-D913BBFB41C5}.Debug|Any CPU.Build.0 = Debug|Any CPU
		{36F6E7C7-9B55-4C4F-8198-D913BBFB41C5}.Release|Any CPU.ActiveCfg = Release|Any CPU
		{36F6E7C7-9B55-4C4F-8198-D913BBFB41C5}.Release|Any CPU.Build.0 = Release|Any CPU
		{3D71F540-6023-47FA-93EF-F2BFA91AFA78}.Debug|Any CPU.ActiveCfg = Debug|Any CPU
		{3D71F540-6023-47FA-93EF-F2BFA91AFA78}.Debug|Any CPU.Build.0 = Debug|Any CPU
		{3D71F540-6023-47FA-93EF-F2BFA91AFA78}.Release|Any CPU.ActiveCfg = Release|Any CPU
		{3D71F540-6023-47FA-93EF-F2BFA91AFA78}.Release|Any CPU.Build.0 = Release|Any CPU
		{714E63E7-0248-440F-A5C0-9130A42F5DA2}.Debug|Any CPU.ActiveCfg = Debug|Any CPU
		{714E63E7-0248-440F-A5C0-9130A42F5DA2}.Debug|Any CPU.Build.0 = Debug|Any CPU
		{714E63E7-0248-440F-A5C0-9130A42F5DA2}.Release|Any CPU.ActiveCfg = Release|Any CPU
		{714E63E7-0248-440F-A5C0-9130A42F5DA2}.Release|Any CPU.Build.0 = Release|Any CPU
	EndGlobalSection
	GlobalSection(SolutionProperties) = preSolution
		HideSolutionNode = FALSE
	EndGlobalSection
	GlobalSection(NestedProjects) = preSolution
		{A53A57F1-A75D-4631-818E-2AD7D0DC6414} = {22BAE50D-018F-4E60-BA14-70B3C6CEB3DE}
		{3D483AB9-BE3A-4627-97FE-F09BEB5FC0D1} = {7D783E97-A16D-4FC5-8DA0-57C35A71AD0E}
		{36F6E7C7-9B55-4C4F-8198-D913BBFB41C5} = {7D783E97-A16D-4FC5-8DA0-57C35A71AD0E}
		{3D71F540-6023-47FA-93EF-F2BFA91AFA78} = {22BAE50D-018F-4E60-BA14-70B3C6CEB3DE}
		{714E63E7-0248-440F-A5C0-9130A42F5DA2} = {1CA978BF-1C86-482F-AAA2-CAFFC01AE572}
	EndGlobalSection
	GlobalSection(ExtensibilityGlobals) = postSolution
		SolutionGuid = {5EDCB95B-D0BD-4B9B-A06A-AB17E429B791}
	EndGlobalSection
EndGlobal
