
Microsoft Visual Studio Solution File, Format Version 12.00
# Visual Studio Version 17
VisualStudioVersion = 17.6.33723.286
MinimumVisualStudioVersion = 10.0.40219.1
Project("{FAE04EC0-301F-11D3-BF4B-00C04F79EFBC}") = "TicketsExchangeSystem.Web", "TicketsExchangeSystem.Web\TicketsExchangeSystem.Web.csproj", "{A53A57F1-A75D-4631-818E-2AD7D0DC6414}"
EndProject
Global
	GlobalSection(SolutionConfigurationPlatforms) = preSolution
		Debug|Any CPU = Debug|Any CPU
		Release|Any CPU = Release|Any CPU
	EndGlobalSection
	GlobalSection(ProjectConfigurationPlatforms) = postSolution
		{A53A57F1-A75D-4631-818E-2AD7D0DC6414}.Debug|Any CPU.ActiveCfg = Debug|Any CPU
		{A53A57F1-A75D-4631-818E-2AD7D0DC6414}.Debug|Any CPU.Build.0 = Debug|Any CPU
		{A53A57F1-A75D-4631-818E-2AD7D0DC6414}.Release|Any CPU.ActiveCfg = Release|Any CPU
		{A53A57F1-A75D-4631-818E-2AD7D0DC6414}.Release|Any CPU.Build.0 = Release|Any CPU
	EndGlobalSection
	GlobalSection(SolutionProperties) = preSolution
		HideSolutionNode = FALSE
	EndGlobalSection
	GlobalSection(ExtensibilityGlobals) = postSolution
		SolutionGuid = {5EDCB95B-D0BD-4B9B-A06A-AB17E429B791}
	EndGlobalSection
EndGlobal
